
Microsoft Visual Studio Solution File, Format Version 12.00
# Visual Studio 15
VisualStudioVersion = 15.0.28307.168
MinimumVisualStudioVersion = 10.0.40219.1
Project("{FAE04EC0-301F-11D3-BF4B-00C04F79EFBC}") = "Task 1", "Task 1\Task 1.csproj", "{C5F9FD91-8920-4999-84BA-BEB6ABB20DCA}"
EndProject
Global
	GlobalSection(SolutionConfigurationPlatforms) = preSolution
		Debug|Any CPU = Debug|Any CPU
		Release|Any CPU = Release|Any CPU
	EndGlobalSection
	GlobalSection(ProjectConfigurationPlatforms) = postSolution
		{C5F9FD91-8920-4999-84BA-BEB6ABB20DCA}.Debug|Any CPU.ActiveCfg = Debug|Any CPU
		{C5F9FD91-8920-4999-84BA-BEB6ABB20DCA}.Debug|Any CPU.Build.0 = Debug|Any CPU
		{C5F9FD91-8920-4999-84BA-BEB6ABB20DCA}.Release|Any CPU.ActiveCfg = Release|Any CPU
		{C5F9FD91-8920-4999-84BA-BEB6ABB20DCA}.Release|Any CPU.Build.0 = Release|Any CPU
	EndGlobalSection
	GlobalSection(SolutionProperties) = preSolution
		HideSolutionNode = FALSE
	EndGlobalSection
	GlobalSection(ExtensibilityGlobals) = postSolution
		SolutionGuid = {78F2B095-996D-4166-93BB-F0C080CD134D}
	EndGlobalSection
EndGlobal
